// !$*UTF8*$!
{
	archiveVersion = 1;
	classes = {
	};
	objectVersion = 56;
	objects = {

/* Begin PBXBuildFile section */
		F250428E2C439E4D00690DC4 /* WeatherAppApp.swift in Sources */ = {isa = PBXBuildFile; fileRef = F250428D2C439E4D00690DC4 /* WeatherAppApp.swift */; };
		F25042902C439E4D00690DC4 /* ContentView.swift in Sources */ = {isa = PBXBuildFile; fileRef = F250428F2C439E4D00690DC4 /* ContentView.swift */; };
		F25042922C439E4E00690DC4 /* Assets.xcassets in Resources */ = {isa = PBXBuildFile; fileRef = F25042912C439E4E00690DC4 /* Assets.xcassets */; };
		F25042952C439E4E00690DC4 /* Preview Assets.xcassets in Resources */ = {isa = PBXBuildFile; fileRef = F25042942C439E4E00690DC4 /* Preview Assets.xcassets */; };
		F250429D2C439F7E00690DC4 /* WeatherCardItem.swift in Sources */ = {isa = PBXBuildFile; fileRef = F250429C2C439F7E00690DC4 /* WeatherCardItem.swift */; };
		F25042A02C43A0CF00690DC4 /* SDWebImageSwiftUI in Frameworks */ = {isa = PBXBuildFile; productRef = F250429F2C43A0CF00690DC4 /* SDWebImageSwiftUI */; };
		F25042A42C43AFD400690DC4 /* WeatherCardItemViewModel.swift in Sources */ = {isa = PBXBuildFile; fileRef = F25042A32C43AFD400690DC4 /* WeatherCardItemViewModel.swift */; };
		F25042A72C43B21300690DC4 /* ForeCast.swift in Sources */ = {isa = PBXBuildFile; fileRef = F25042A62C43B21300690DC4 /* ForeCast.swift */; };
		F25042AA2C43B37B00690DC4 /* Weather.swift in Sources */ = {isa = PBXBuildFile; fileRef = F25042A92C43B37B00690DC4 /* Weather.swift */; };
		F25042AC2C43B44B00690DC4 /* ForeCastApiResponse.swift in Sources */ = {isa = PBXBuildFile; fileRef = F25042AB2C43B44B00690DC4 /* ForeCastApiResponse.swift */; };
		F25042AF2C43B48E00690DC4 /* NetworkManager.swift in Sources */ = {isa = PBXBuildFile; fileRef = F25042AE2C43B48E00690DC4 /* NetworkManager.swift */; };
		F25042B22C43C0B000690DC4 /* WeatherForeCaseListView.swift in Sources */ = {isa = PBXBuildFile; fileRef = F25042B12C43C0B000690DC4 /* WeatherForeCaseListView.swift */; };
		F25042B42C43C0CC00690DC4 /* WeatherForeCaseListViewModel.swift in Sources */ = {isa = PBXBuildFile; fileRef = F25042B32C43C0CC00690DC4 /* WeatherForeCaseListViewModel.swift */; };
		F25042B62C43C38F00690DC4 /* ForeCastWeatherManager.swift in Sources */ = {isa = PBXBuildFile; fileRef = F25042B52C43C38F00690DC4 /* ForeCastWeatherManager.swift */; };
		F25042B92C43DAEA00690DC4 /* UIApplication+Extensions.swift in Sources */ = {isa = PBXBuildFile; fileRef = F25042B82C43DAEA00690DC4 /* UIApplication+Extensions.swift */; };
		F25042BB2C43DBAA00690DC4 /* City.swift in Sources */ = {isa = PBXBuildFile; fileRef = F25042BA2C43DBAA00690DC4 /* City.swift */; };
		F25042BE2C43DEAE00690DC4 /* Utils.swift in Sources */ = {isa = PBXBuildFile; fileRef = F25042BD2C43DEAE00690DC4 /* Utils.swift */; };
/* End PBXBuildFile section */

/* Begin PBXFileReference section */
		F250428A2C439E4D00690DC4 /* WeatherApp.app */ = {isa = PBXFileReference; explicitFileType = wrapper.application; includeInIndex = 0; path = WeatherApp.app; sourceTree = BUILT_PRODUCTS_DIR; };
		F250428D2C439E4D00690DC4 /* WeatherAppApp.swift */ = {isa = PBXFileReference; lastKnownFileType = sourcecode.swift; path = WeatherAppApp.swift; sourceTree = "<group>"; };
		F250428F2C439E4D00690DC4 /* ContentView.swift */ = {isa = PBXFileReference; lastKnownFileType = sourcecode.swift; path = ContentView.swift; sourceTree = "<group>"; };
		F25042912C439E4E00690DC4 /* Assets.xcassets */ = {isa = PBXFileReference; lastKnownFileType = folder.assetcatalog; path = Assets.xcassets; sourceTree = "<group>"; };
		F25042942C439E4E00690DC4 /* Preview Assets.xcassets */ = {isa = PBXFileReference; lastKnownFileType = folder.assetcatalog; path = "Preview Assets.xcassets"; sourceTree = "<group>"; };
		F250429C2C439F7E00690DC4 /* WeatherCardItem.swift */ = {isa = PBXFileReference; lastKnownFileType = sourcecode.swift; path = WeatherCardItem.swift; sourceTree = "<group>"; };
		F25042A32C43AFD400690DC4 /* WeatherCardItemViewModel.swift */ = {isa = PBXFileReference; lastKnownFileType = sourcecode.swift; path = WeatherCardItemViewModel.swift; sourceTree = "<group>"; };
		F25042A62C43B21300690DC4 /* ForeCast.swift */ = {isa = PBXFileReference; lastKnownFileType = sourcecode.swift; path = ForeCast.swift; sourceTree = "<group>"; };
		F25042A92C43B37B00690DC4 /* Weather.swift */ = {isa = PBXFileReference; lastKnownFileType = sourcecode.swift; path = Weather.swift; sourceTree = "<group>"; };
		F25042AB2C43B44B00690DC4 /* ForeCastApiResponse.swift */ = {isa = PBXFileReference; lastKnownFileType = sourcecode.swift; path = ForeCastApiResponse.swift; sourceTree = "<group>"; };
		F25042AE2C43B48E00690DC4 /* NetworkManager.swift */ = {isa = PBXFileReference; lastKnownFileType = sourcecode.swift; path = NetworkManager.swift; sourceTree = "<group>"; };
		F25042B12C43C0B000690DC4 /* WeatherForeCaseListView.swift */ = {isa = PBXFileReference; lastKnownFileType = sourcecode.swift; path = WeatherForeCaseListView.swift; sourceTree = "<group>"; };
		F25042B32C43C0CC00690DC4 /* WeatherForeCaseListViewModel.swift */ = {isa = PBXFileReference; lastKnownFileType = sourcecode.swift; path = WeatherForeCaseListViewModel.swift; sourceTree = "<group>"; };
		F25042B52C43C38F00690DC4 /* ForeCastWeatherManager.swift */ = {isa = PBXFileReference; lastKnownFileType = sourcecode.swift; path = ForeCastWeatherManager.swift; sourceTree = "<group>"; };
		F25042B82C43DAEA00690DC4 /* UIApplication+Extensions.swift */ = {isa = PBXFileReference; lastKnownFileType = sourcecode.swift; path = "UIApplication+Extensions.swift"; sourceTree = "<group>"; };
		F25042BA2C43DBAA00690DC4 /* City.swift */ = {isa = PBXFileReference; lastKnownFileType = sourcecode.swift; path = City.swift; sourceTree = "<group>"; };
		F25042BD2C43DEAE00690DC4 /* Utils.swift */ = {isa = PBXFileReference; lastKnownFileType = sourcecode.swift; path = Utils.swift; sourceTree = "<group>"; };
/* End PBXFileReference section */

/* Begin PBXFrameworksBuildPhase section */
		F25042872C439E4D00690DC4 /* Frameworks */ = {
			isa = PBXFrameworksBuildPhase;
			buildActionMask = 2147483647;
			files = (
				F25042A02C43A0CF00690DC4 /* SDWebImageSwiftUI in Frameworks */,
			);
			runOnlyForDeploymentPostprocessing = 0;
		};
/* End PBXFrameworksBuildPhase section */

/* Begin PBXGroup section */
		F25042812C439E4D00690DC4 = {
			isa = PBXGroup;
			children = (
				F250428C2C439E4D00690DC4 /* WeatherApp */,
				F250428B2C439E4D00690DC4 /* Products */,
			);
			sourceTree = "<group>";
		};
		F250428B2C439E4D00690DC4 /* Products */ = {
			isa = PBXGroup;
			children = (
				F250428A2C439E4D00690DC4 /* WeatherApp.app */,
			);
			name = Products;
			sourceTree = "<group>";
		};
		F250428C2C439E4D00690DC4 /* WeatherApp */ = {
			isa = PBXGroup;
			children = (
				F25042BC2C43DEA500690DC4 /* Utils */,
				F25042B72C43DAD600690DC4 /* Extensions */,
				F25042B02C43C09A00690DC4 /* Views */,
				F25042AD2C43B48000690DC4 /* Network */,
				F25042A52C43B1F700690DC4 /* Models */,
				F25042A22C43AFBB00690DC4 /* ViewModels */,
				F250429B2C439F5C00690DC4 /* Components */,
				F250428D2C439E4D00690DC4 /* WeatherAppApp.swift */,
				F250428F2C439E4D00690DC4 /* ContentView.swift */,
				F25042912C439E4E00690DC4 /* Assets.xcassets */,
				F25042932C439E4E00690DC4 /* Preview Content */,
			);
			path = WeatherApp;
			sourceTree = "<group>";
		};
		F25042932C439E4E00690DC4 /* Preview Content */ = {
			isa = PBXGroup;
			children = (
				F25042942C439E4E00690DC4 /* Preview Assets.xcassets */,
			);
			path = "Preview Content";
			sourceTree = "<group>";
		};
		F250429B2C439F5C00690DC4 /* Components */ = {
			isa = PBXGroup;
			children = (
				F250429C2C439F7E00690DC4 /* WeatherCardItem.swift */,
			);
			path = Components;
			sourceTree = "<group>";
		};
		F25042A22C43AFBB00690DC4 /* ViewModels */ = {
			isa = PBXGroup;
			children = (
				F25042A32C43AFD400690DC4 /* WeatherCardItemViewModel.swift */,
				F25042B32C43C0CC00690DC4 /* WeatherForeCaseListViewModel.swift */,
			);
			path = ViewModels;
			sourceTree = "<group>";
		};
		F25042A52C43B1F700690DC4 /* Models */ = {
			isa = PBXGroup;
			children = (
				F25042A62C43B21300690DC4 /* ForeCast.swift */,
				F25042A92C43B37B00690DC4 /* Weather.swift */,
				F25042AB2C43B44B00690DC4 /* ForeCastApiResponse.swift */,
				F25042BA2C43DBAA00690DC4 /* City.swift */,
			);
			path = Models;
			sourceTree = "<group>";
		};
		F25042AD2C43B48000690DC4 /* Network */ = {
			isa = PBXGroup;
			children = (
				F25042AE2C43B48E00690DC4 /* NetworkManager.swift */,
				F25042B52C43C38F00690DC4 /* ForeCastWeatherManager.swift */,
			);
			path = Network;
			sourceTree = "<group>";
		};
		F25042B02C43C09A00690DC4 /* Views */ = {
			isa = PBXGroup;
			children = (
				F25042B12C43C0B000690DC4 /* WeatherForeCaseListView.swift */,
			);
			path = Views;
			sourceTree = "<group>";
		};
		F25042B72C43DAD600690DC4 /* Extensions */ = {
			isa = PBXGroup;
			children = (
				F25042B82C43DAEA00690DC4 /* UIApplication+Extensions.swift */,
			);
			path = Extensions;
			sourceTree = "<group>";
		};
		F25042BC2C43DEA500690DC4 /* Utils */ = {
			isa = PBXGroup;
			children = (
				F25042BD2C43DEAE00690DC4 /* Utils.swift */,
			);
			path = Utils;
			sourceTree = "<group>";
		};
/* End PBXGroup section */

/* Begin PBXNativeTarget section */
		F25042892C439E4D00690DC4 /* WeatherApp */ = {
			isa = PBXNativeTarget;
			buildConfigurationList = F25042982C439E4E00690DC4 /* Build configuration list for PBXNativeTarget "WeatherApp" */;
			buildPhases = (
				F25042862C439E4D00690DC4 /* Sources */,
				F25042872C439E4D00690DC4 /* Frameworks */,
				F25042882C439E4D00690DC4 /* Resources */,
			);
			buildRules = (
			);
			dependencies = (
			);
			name = WeatherApp;
			packageProductDependencies = (
				F250429F2C43A0CF00690DC4 /* SDWebImageSwiftUI */,
			);
			productName = WeatherApp;
			productReference = F250428A2C439E4D00690DC4 /* WeatherApp.app */;
			productType = "com.apple.product-type.application";
		};
/* End PBXNativeTarget section */

/* Begin PBXProject section */
		F25042822C439E4D00690DC4 /* Project object */ = {
			isa = PBXProject;
			attributes = {
				BuildIndependentTargetsInParallel = 1;
				LastSwiftUpdateCheck = 1520;
				LastUpgradeCheck = 1520;
				TargetAttributes = {
					F25042892C439E4D00690DC4 = {
						CreatedOnToolsVersion = 15.2;
					};
				};
			};
			buildConfigurationList = F25042852C439E4D00690DC4 /* Build configuration list for PBXProject "WeatherApp" */;
			compatibilityVersion = "Xcode 14.0";
			developmentRegion = en;
			hasScannedForEncodings = 0;
			knownRegions = (
				en,
				Base,
			);
			mainGroup = F25042812C439E4D00690DC4;
			packageReferences = (
				F250429E2C43A0CF00690DC4 /* XCRemoteSwiftPackageReference "SDWebImageSwiftUI" */,
			);
			productRefGroup = F250428B2C439E4D00690DC4 /* Products */;
			projectDirPath = "";
			projectRoot = "";
			targets = (
				F25042892C439E4D00690DC4 /* WeatherApp */,
			);
		};
/* End PBXProject section */

/* Begin PBXResourcesBuildPhase section */
		F25042882C439E4D00690DC4 /* Resources */ = {
			isa = PBXResourcesBuildPhase;
			buildActionMask = 2147483647;
			files = (
				F25042952C439E4E00690DC4 /* Preview Assets.xcassets in Resources */,
				F25042922C439E4E00690DC4 /* Assets.xcassets in Resources */,
			);
			runOnlyForDeploymentPostprocessing = 0;
		};
/* End PBXResourcesBuildPhase section */

/* Begin PBXSourcesBuildPhase section */
		F25042862C439E4D00690DC4 /* Sources */ = {
			isa = PBXSourcesBuildPhase;
			buildActionMask = 2147483647;
			files = (
				F25042B62C43C38F00690DC4 /* ForeCastWeatherManager.swift in Sources */,
				F250429D2C439F7E00690DC4 /* WeatherCardItem.swift in Sources */,
				F25042B92C43DAEA00690DC4 /* UIApplication+Extensions.swift in Sources */,
				F25042BE2C43DEAE00690DC4 /* Utils.swift in Sources */,
				F25042A72C43B21300690DC4 /* ForeCast.swift in Sources */,
				F25042902C439E4D00690DC4 /* ContentView.swift in Sources */,
				F25042B42C43C0CC00690DC4 /* WeatherForeCaseListViewModel.swift in Sources */,
				F25042AC2C43B44B00690DC4 /* ForeCastApiResponse.swift in Sources */,
				F25042AF2C43B48E00690DC4 /* NetworkManager.swift in Sources */,
				F25042A42C43AFD400690DC4 /* WeatherCardItemViewModel.swift in Sources */,
				F25042AA2C43B37B00690DC4 /* Weather.swift in Sources */,
				F25042B22C43C0B000690DC4 /* WeatherForeCaseListView.swift in Sources */,
				F25042BB2C43DBAA00690DC4 /* City.swift in Sources */,
				F250428E2C439E4D00690DC4 /* WeatherAppApp.swift in Sources */,
			);
			runOnlyForDeploymentPostprocessing = 0;
		};
/* End PBXSourcesBuildPhase section */

/* Begin XCBuildConfiguration section */
		F25042962C439E4E00690DC4 /* Debug */ = {
			isa = XCBuildConfiguration;
			buildSettings = {
				ALWAYS_SEARCH_USER_PATHS = NO;
				ASSETCATALOG_COMPILER_GENERATE_SWIFT_ASSET_SYMBOL_EXTENSIONS = YES;
				CLANG_ANALYZER_NONNULL = YES;
				CLANG_ANALYZER_NUMBER_OBJECT_CONVERSION = YES_AGGRESSIVE;
				CLANG_CXX_LANGUAGE_STANDARD = "gnu++20";
				CLANG_ENABLE_MODULES = YES;
				CLANG_ENABLE_OBJC_ARC = YES;
				CLANG_ENABLE_OBJC_WEAK = YES;
				CLANG_WARN_BLOCK_CAPTURE_AUTORELEASING = YES;
				CLANG_WARN_BOOL_CONVERSION = YES;
				CLANG_WARN_COMMA = YES;
				CLANG_WARN_CONSTANT_CONVERSION = YES;
				CLANG_WARN_DEPRECATED_OBJC_IMPLEMENTATIONS = YES;
				CLANG_WARN_DIRECT_OBJC_ISA_USAGE = YES_ERROR;
				CLANG_WARN_DOCUMENTATION_COMMENTS = YES;
				CLANG_WARN_EMPTY_BODY = YES;
				CLANG_WARN_ENUM_CONVERSION = YES;
				CLANG_WARN_INFINITE_RECURSION = YES;
				CLANG_WARN_INT_CONVERSION = YES;
				CLANG_WARN_NON_LITERAL_NULL_CONVERSION = YES;
				CLANG_WARN_OBJC_IMPLICIT_RETAIN_SELF = YES;
				CLANG_WARN_OBJC_LITERAL_CONVERSION = YES;
				CLANG_WARN_OBJC_ROOT_CLASS = YES_ERROR;
				CLANG_WARN_QUOTED_INCLUDE_IN_FRAMEWORK_HEADER = YES;
				CLANG_WARN_RANGE_LOOP_ANALYSIS = YES;
				CLANG_WARN_STRICT_PROTOTYPES = YES;
				CLANG_WARN_SUSPICIOUS_MOVE = YES;
				CLANG_WARN_UNGUARDED_AVAILABILITY = YES_AGGRESSIVE;
				CLANG_WARN_UNREACHABLE_CODE = YES;
				CLANG_WARN__DUPLICATE_METHOD_MATCH = YES;
				COPY_PHASE_STRIP = NO;
				DEBUG_INFORMATION_FORMAT = dwarf;
				ENABLE_STRICT_OBJC_MSGSEND = YES;
				ENABLE_TESTABILITY = YES;
				ENABLE_USER_SCRIPT_SANDBOXING = YES;
				GCC_C_LANGUAGE_STANDARD = gnu17;
				GCC_DYNAMIC_NO_PIC = NO;
				GCC_NO_COMMON_BLOCKS = YES;
				GCC_OPTIMIZATION_LEVEL = 0;
				GCC_PREPROCESSOR_DEFINITIONS = (
					"DEBUG=1",
					"$(inherited)",
				);
				GCC_WARN_64_TO_32_BIT_CONVERSION = YES;
				GCC_WARN_ABOUT_RETURN_TYPE = YES_ERROR;
				GCC_WARN_UNDECLARED_SELECTOR = YES;
				GCC_WARN_UNINITIALIZED_AUTOS = YES_AGGRESSIVE;
				GCC_WARN_UNUSED_FUNCTION = YES;
				GCC_WARN_UNUSED_VARIABLE = YES;
				IPHONEOS_DEPLOYMENT_TARGET = 17.2;
				LOCALIZATION_PREFERS_STRING_CATALOGS = YES;
				MTL_ENABLE_DEBUG_INFO = INCLUDE_SOURCE;
				MTL_FAST_MATH = YES;
				ONLY_ACTIVE_ARCH = YES;
				SDKROOT = iphoneos;
				SWIFT_ACTIVE_COMPILATION_CONDITIONS = "DEBUG $(inherited)";
				SWIFT_OPTIMIZATION_LEVEL = "-Onone";
			};
			name = Debug;
		};
		F25042972C439E4E00690DC4 /* Release */ = {
			isa = XCBuildConfiguration;
			buildSettings = {
				ALWAYS_SEARCH_USER_PATHS = NO;
				ASSETCATALOG_COMPILER_GENERATE_SWIFT_ASSET_SYMBOL_EXTENSIONS = YES;
				CLANG_ANALYZER_NONNULL = YES;
				CLANG_ANALYZER_NUMBER_OBJECT_CONVERSION = YES_AGGRESSIVE;
				CLANG_CXX_LANGUAGE_STANDARD = "gnu++20";
				CLANG_ENABLE_MODULES = YES;
				CLANG_ENABLE_OBJC_ARC = YES;
				CLANG_ENABLE_OBJC_WEAK = YES;
				CLANG_WARN_BLOCK_CAPTURE_AUTORELEASING = YES;
				CLANG_WARN_BOOL_CONVERSION = YES;
				CLANG_WARN_COMMA = YES;
				CLANG_WARN_CONSTANT_CONVERSION = YES;
				CLANG_WARN_DEPRECATED_OBJC_IMPLEMENTATIONS = YES;
				CLANG_WARN_DIRECT_OBJC_ISA_USAGE = YES_ERROR;
				CLANG_WARN_DOCUMENTATION_COMMENTS = YES;
				CLANG_WARN_EMPTY_BODY = YES;
				CLANG_WARN_ENUM_CONVERSION = YES;
				CLANG_WARN_INFINITE_RECURSION = YES;
				CLANG_WARN_INT_CONVERSION = YES;
				CLANG_WARN_NON_LITERAL_NULL_CONVERSION = YES;
				CLANG_WARN_OBJC_IMPLICIT_RETAIN_SELF = YES;
				CLANG_WARN_OBJC_LITERAL_CONVERSION = YES;
				CLANG_WARN_OBJC_ROOT_CLASS = YES_ERROR;
				CLANG_WARN_QUOTED_INCLUDE_IN_FRAMEWORK_HEADER = YES;
				CLANG_WARN_RANGE_LOOP_ANALYSIS = YES;
				CLANG_WARN_STRICT_PROTOTYPES = YES;
				CLANG_WARN_SUSPICIOUS_MOVE = YES;
				CLANG_WARN_UNGUARDED_AVAILABILITY = YES_AGGRESSIVE;
				CLANG_WARN_UNREACHABLE_CODE = YES;
				CLANG_WARN__DUPLICATE_METHOD_MATCH = YES;
				COPY_PHASE_STRIP = NO;
				DEBUG_INFORMATION_FORMAT = "dwarf-with-dsym";
				ENABLE_NS_ASSERTIONS = NO;
				ENABLE_STRICT_OBJC_MSGSEND = YES;
				ENABLE_USER_SCRIPT_SANDBOXING = YES;
				GCC_C_LANGUAGE_STANDARD = gnu17;
				GCC_NO_COMMON_BLOCKS = YES;
				GCC_WARN_64_TO_32_BIT_CONVERSION = YES;
				GCC_WARN_ABOUT_RETURN_TYPE = YES_ERROR;
				GCC_WARN_UNDECLARED_SELECTOR = YES;
				GCC_WARN_UNINITIALIZED_AUTOS = YES_AGGRESSIVE;
				GCC_WARN_UNUSED_FUNCTION = YES;
				GCC_WARN_UNUSED_VARIABLE = YES;
				IPHONEOS_DEPLOYMENT_TARGET = 17.2;
				LOCALIZATION_PREFERS_STRING_CATALOGS = YES;
				MTL_ENABLE_DEBUG_INFO = NO;
				MTL_FAST_MATH = YES;
				SDKROOT = iphoneos;
				SWIFT_COMPILATION_MODE = wholemodule;
				VALIDATE_PRODUCT = YES;
			};
			name = Release;
		};
		F25042992C439E4E00690DC4 /* Debug */ = {
			isa = XCBuildConfiguration;
			buildSettings = {
				ASSETCATALOG_COMPILER_APPICON_NAME = AppIcon;
				ASSETCATALOG_COMPILER_GLOBAL_ACCENT_COLOR_NAME = AccentColor;
				CODE_SIGN_ENTITLEMENTS = "";
				CODE_SIGN_STYLE = Automatic;
				CURRENT_PROJECT_VERSION = 1;
				DEVELOPMENT_ASSET_PATHS = "\"WeatherApp/Preview Content\"";
				DEVELOPMENT_TEAM = "";
				ENABLE_PREVIEWS = YES;
				GENERATE_INFOPLIST_FILE = YES;
				INFOPLIST_KEY_UIApplicationSceneManifest_Generation = YES;
				INFOPLIST_KEY_UIApplicationSupportsIndirectInputEvents = YES;
				INFOPLIST_KEY_UILaunchScreen_Generation = YES;
				INFOPLIST_KEY_UISupportedInterfaceOrientations_iPad = "UIInterfaceOrientationPortrait UIInterfaceOrientationPortraitUpsideDown UIInterfaceOrientationLandscapeLeft UIInterfaceOrientationLandscapeRight";
				INFOPLIST_KEY_UISupportedInterfaceOrientations_iPhone = "UIInterfaceOrientationPortrait UIInterfaceOrientationLandscapeLeft UIInterfaceOrientationLandscapeRight";
				IPHONEOS_DEPLOYMENT_TARGET = 15.0;
				LD_RUNPATH_SEARCH_PATHS = (
					"$(inherited)",
					"@executable_path/Frameworks",
				);
				MARKETING_VERSION = 1.0;
				PRODUCT_BUNDLE_IDENTIFIER = com.vinay.WeatherApp;
				PRODUCT_NAME = "$(TARGET_NAME)";
				SWIFT_EMIT_LOC_STRINGS = YES;
				SWIFT_VERSION = 5.0;
				TARGETED_DEVICE_FAMILY = "1,2";
			};
			name = Debug;
		};
		F250429A2C439E4E00690DC4 /* Release */ = {
			isa = XCBuildConfiguration;
			buildSettings = {
				ASSETCATALOG_COMPILER_APPICON_NAME = AppIcon;
				ASSETCATALOG_COMPILER_GLOBAL_ACCENT_COLOR_NAME = AccentColor;
				CODE_SIGN_ENTITLEMENTS = "";
				CODE_SIGN_STYLE = Automatic;
				CURRENT_PROJECT_VERSION = 1;
				DEVELOPMENT_ASSET_PATHS = "\"WeatherApp/Preview Content\"";
				DEVELOPMENT_TEAM = "";
				ENABLE_PREVIEWS = YES;
				GENERATE_INFOPLIST_FILE = YES;
				INFOPLIST_KEY_UIApplicationSceneManifest_Generation = YES;
				INFOPLIST_KEY_UIApplicationSupportsIndirectInputEvents = YES;
				INFOPLIST_KEY_UILaunchScreen_Generation = YES;
				INFOPLIST_KEY_UISupportedInterfaceOrientations_iPad = "UIInterfaceOrientationPortrait UIInterfaceOrientationPortraitUpsideDown UIInterfaceOrientationLandscapeLeft UIInterfaceOrientationLandscapeRight";
				INFOPLIST_KEY_UISupportedInterfaceOrientations_iPhone = "UIInterfaceOrientationPortrait UIInterfaceOrientationLandscapeLeft UIInterfaceOrientationLandscapeRight";
				IPHONEOS_DEPLOYMENT_TARGET = 15.0;
				LD_RUNPATH_SEARCH_PATHS = (
					"$(inherited)",
					"@executable_path/Frameworks",
				);
				MARKETING_VERSION = 1.0;
				PRODUCT_BUNDLE_IDENTIFIER = com.vinay.WeatherApp;
				PRODUCT_NAME = "$(TARGET_NAME)";
				SWIFT_EMIT_LOC_STRINGS = YES;
				SWIFT_VERSION = 5.0;
				TARGETED_DEVICE_FAMILY = "1,2";
			};
			name = Release;
		};
/* End XCBuildConfiguration section */

/* Begin XCConfigurationList section */
		F25042852C439E4D00690DC4 /* Build configuration list for PBXProject "WeatherApp" */ = {
			isa = XCConfigurationList;
			buildConfigurations = (
				F25042962C439E4E00690DC4 /* Debug */,
				F25042972C439E4E00690DC4 /* Release */,
			);
			defaultConfigurationIsVisible = 0;
			defaultConfigurationName = Release;
		};
		F25042982C439E4E00690DC4 /* Build configuration list for PBXNativeTarget "WeatherApp" */ = {
			isa = XCConfigurationList;
			buildConfigurations = (
				F25042992C439E4E00690DC4 /* Debug */,
				F250429A2C439E4E00690DC4 /* Release */,
			);
			defaultConfigurationIsVisible = 0;
			defaultConfigurationName = Release;
		};
/* End XCConfigurationList section */

/* Begin XCRemoteSwiftPackageReference section */
		F250429E2C43A0CF00690DC4 /* XCRemoteSwiftPackageReference "SDWebImageSwiftUI" */ = {
			isa = XCRemoteSwiftPackageReference;
			repositoryURL = "https://github.com/SDWebImage/SDWebImageSwiftUI";
			requirement = {
				kind = upToNextMajorVersion;
				minimumVersion = 3.1.1;
			};
		};
/* End XCRemoteSwiftPackageReference section */

/* Begin XCSwiftPackageProductDependency section */
		F250429F2C43A0CF00690DC4 /* SDWebImageSwiftUI */ = {
			isa = XCSwiftPackageProductDependency;
			package = F250429E2C43A0CF00690DC4 /* XCRemoteSwiftPackageReference "SDWebImageSwiftUI" */;
			productName = SDWebImageSwiftUI;
		};
/* End XCSwiftPackageProductDependency section */
	};
	rootObject = F25042822C439E4D00690DC4 /* Project object */;
}
